github.com/BurntSushi/xgb v0.0.0-20160522181843-27f122750802/go.mod h1:IVnqGOEym/WlBOVXweHU+Q+/VP0lqqI8lqeDx9IjBqo=
github.com/ajstarks/svgo v0.0.0-20180226025133-644b8db467af/go.mod h1:K08gAheRH3/J6wwsYMMT4xOr94bZjxIelGM0+d/wbFw=
github.com/ajstarks/svgo v0.0.0-20181006003313-6ce6a3bcf6cd h1:JdtityihAc6A+gVfYh6vGXfZQg+XOLyBvla/7NbXFCg=
github.com/ajstarks/svgo v0.0.0-20181006003313-6ce6a3bcf6cd/go.mod h1:K08gAheRH3/J6wwsYMMT4xOr94bZjxIelGM0+d/wbFw=
github.com/boombuler/barcode v1.0.0/go.mod h1:paBWMcWSl3LHKBqUq+rly7CNSldXjb2rDl3JlRe0mD8=
github.com/davecgh/go-spew v1.1.0/go.mod h1:J7Y8YcW2NihsgmVo/mv3lAwl/skON4iLHjSsI+c5H38=
github.com/davecgh/go-spew v1.1.1 h1:vj9j/u1bqnvCEfJOwUhtlOARqs3+rkHYY13jYWTU97c=
github.com/davecgh/go-spew v1.1.1/go.mod h1:J7Y8YcW2NihsgmVo/mv3lAwl/skON4iLHjSsI+c5H38=
github.com/dianelooney/directive v0.0.0-20190707012653-c675ee848de5 h1:mC+Y1i0Wr726O0kO9qoWvd5e4prusgXQHsBxasjW9Ik=
github.com/dianelooney/directive v0.0.0-20190707012653-c675ee848de5/go.mod h1:L5DJmbnDYn2a02Zs+IpVG28z/NzWi1SWxQoCFt31czE=
github.com/dianelooney/directive v0.0.0-20190708013640-cdbafa41b399 h1:CbWS/toOgeHUEx75Gs2GauYAvjkLkmhwRQgmBLUoyZE=
github.com/dianelooney/directive v0.0.0-20190708013640-cdbafa41b399/go.mod h1:L5DJmbnDYn2a02Zs+IpVG28z/NzWi1SWxQoCFt31czE=
github.com/dianelooney/directive v0.0.0-20190710215951-c05a44e752b4 h1:meF5YZXmuSEc3ZBXdfYcCs2CccRDvqGXzbj0DQtT3U4=
github.com/dianelooney/directive v0.0.0-20190710215951-c05a44e752b4/go.mod h1:L5DJmbnDYn2a02Zs+IpVG28z/NzWi1SWxQoCFt31czE=
github.com/dianelooney/directive v0.0.0-20190710221008-195dc47492f2 h1:jA32AHiFVLJ/xUg6QOLgJASpKTQDzG/Nek/1zVn9iIM=
github.com/dianelooney/directive v0.0.0-20190710221008-195dc47492f2/go.mod h1:L5DJmbnDYn2a02Zs+IpVG28z/NzWi1SWxQoCFt31czE=
github.com/dianelooney/directive v0.0.0-20190710231619-e99d4a13bb21 h1:8Ea80+WFzvUY38ONBIVmPGNTnFB0IbN60vmZOLNK/Fc=
github.com/dianelooney/directive v0.0.0-20190710231619-e99d4a13bb21/go.mod h1:L5DJmbnDYn2a02Zs+IpVG28z/NzWi1SWxQoCFt31czE=
github.com/dianelooney/directive v0.0.0-20190711033447-1808f368cd1f h1:UgBF9fx0DjuCciRo197NVrLDAUcFXc8vr51vlHTIVdw=
github.com/dianelooney/directive v0.0.0-20190711033447-1808f368cd1f/go.mod h1:L5DJmbnDYn2a02Zs+IpVG28z/NzWi1SWxQoCFt31czE=
github.com/dianelooney/directive v0.0.0-20190711033644-e8d1b0392887 h1:lthlh2G5Hx+OC6AklCEboGPlpEiDJ0T2ugDHnqL1b80=
github.com/dianelooney/directive v0.0.0-20190711033644-e8d1b0392887/go.mod h1:L5DJmbnDYn2a02Zs+IpVG28z/NzWi1SWxQoCFt31czE=
github.com/dianelooney/directive v0.0.0-20190711034330-eabc43720f7a h1:+wjA+kXGSGd5hCmR5xhVN837oQSHbIrXzpSMt1K1/5o=
github.com/dianelooney/directive v0.0.0-20190711034330-eabc43720f7a/go.mod h1:L5DJmbnDYn2a02Zs+IpVG28z/NzWi1SWxQoCFt31czE=
github.com/dianelooney/directive v0.0.0-20190711034506-d387e3eaf55b h1:FwJlKdsi1NRZOG+dbmQvsLKFghw97iey3mp/tOyIrU4=
github.com/dianelooney/directive v0.0.0-20190711034506-d387e3eaf55b/go.mod h1:L5DJmbnDYn2a02Zs+IpVG28z/NzWi1SWxQoCFt31czE=
github.com/dianelooney/directive v0.0.0-20190711034627-3ec60d23ff30 h1:uRjaZzEbXZO0TETA9zwV96WMkH7glYku3xhd4rRMOpc=
github.com/dianelooney/directive v0.0.0-20190711034627-3ec60d23ff30/go.mod h1:L5DJmbnDYn2a02Zs+IpVG28z/NzWi1SWxQoCFt31czE=
github.com/dianelooney/directive v0.0.0-20190711034756-1865b2872428 h1:GbnPaY7X8JqvYVFQ6VY+Q67rjLPe2Ma6w7nHLqzag9Q=
github.com/dianelooney/directive v0.0.0-20190711034756-1865b2872428/go.mod h1:L5DJmbnDYn2a02Zs+IpVG28z/NzWi1SWxQoCFt31czE=
github.com/dianelooney/directive v0.0.0-20190711035519-014341471a25 h1:DXUq7ZaDDGo/WgyJSEm2wWyBxmYISC9m82meo8DNrsU=
github.com/dianelooney/directive v0.0.0-20190711035519-014341471a25/go.mod h1:L5DJmbnDYn2a02Zs+IpVG28z/NzWi1SWxQoCFt31czE=
github.com/dianelooney/directive v0.0.0-20190711040501-d522533ac1f2 h1:hb6ZesSdHCxHeRmruw6CQzlUdRshGOFUyTQkCcAgLv4=
github.com/dianelooney/directive v0.0.0-20190711040501-d522533ac1f2/go.mod h1:L5DJmbnDYn2a02Zs+IpVG28z/NzWi1SWxQoCFt31czE=
github.com/dianelooney/directive v0.0.0-20190712230236-1c5a2d218deb h1:0COJ9TOHOM1tFeOYt/NS7J+8Va1Uke5tkde0jsXJov0=
github.com/dianelooney/directive v0.0.0-20190712230236-1c5a2d218deb/go.mod h1:L5DJmbnDYn2a02Zs+IpVG28z/NzWi1SWxQoCFt31czE=
github.com/dianelooney/directive v0.0.0-20190712230459-3f7b0e0d34d4 h1:qQrpoRa15tfrzVso2DZU+RKOAENFNMVEcV9yqVdRmMI=
github.com/dianelooney/directive v0.0.0-20190712230459-3f7b0e0d34d4/go.mod h1:L5DJmbnDYn2a02Zs+IpVG28z/NzWi1SWxQoCFt31czE=
github.com/dianelooney/directive v0.0.0-20190712231240-a52a035d605d h1:Rchi5dRdaKn/mr1hfEnsP9d8jtpeupGj1cMHCCWfJZY=
github.com/dianelooney/directive v0.0.0-20190712231240-a52a035d605d/go.mod h1:L5DJmbnDYn2a02Zs+IpVG28z/NzWi1SWxQoCFt31czE=
github.com/dianelooney/directive v0.0.0-20190712231403-892eaf7a1f33 h1:98rOerTbwfnHAeBezxQrJFemrOGZ5KCX5KbUASGNoSc=
github.com/dianelooney/directive v0.0.0-20190712231403-892eaf7a1f33/go.mod h1:L5DJmbnDYn2a02Zs+IpVG28z/NzWi1SWxQoCFt31czE=
github.com/dianelooney/directive v0.0.0-20190712232041-040f5d79308e h1:ETFVIx+NPO40Pb5wUYos2E3pbux9NDbDDnRS9NLh2II=
github.com/dianelooney/directive v0.0.0-20190712232041-040f5d79308e/go.mod h1:L5DJmbnDYn2a02Zs+IpVG28z/NzWi1SWxQoCFt31czE=
github.com/dianelooney/directive v0.0.0-20190712233432-70087f6280ef h1:U6KdJSpHPx3AbgxV5bMbvm016+LK07oRG2R9XPFwQCA=
github.com/dianelooney/directive v0.0.0-20190712233432-70087f6280ef/go.mod h1:L5DJmbnDYn2a02Zs+IpVG28z/NzWi1SWxQoCFt31czE=
github.com/dianelooney/directive v0.0.0-20190712233528-b4cef4d2067c h1:P/HasDvlAc/w9s4L+HHtV5i/03VfvSfNyl3sBdTPZt8=
github.com/dianelooney/directive v0.0.0-20190712233528-b4cef4d2067c/go.mod h1:L5DJmbnDYn2a02Zs+IpVG28z/NzWi1SWxQoCFt31czE=
github.com/dianelooney/directive v0.0.0-20190712234307-bf290542bef3 h1:HPMbcn2xFPK2svt/pN+mNpBXR1zbJuLzXQuZnJ1PrDo=
github.com/dianelooney/directive v0.0.0-20190712234307-bf290542bef3/go.mod h1:L5DJmbnDYn2a02Zs+IpVG28z/NzWi1SWxQoCFt31czE=
github.com/dianelooney/directive v0.0.0-20190712235722-26316c279eea h1:4D+qK4C0wGGQYKc9N2SCbnwqKJ2GIlM9biz2HyvdVZQ=
github.com/dianelooney/directive v0.0.0-20190712235722-26316c279eea/go.mod h1:L5DJmbnDYn2a02Zs+IpVG28z/NzWi1SWxQoCFt31czE=
github.com/dianelooney/directive v0.0.0-20190713000845-bbb13adb370c h1:cm6rdHXXlYxlTxxmHkaB7HLVsGl0Q8fB/Sj7ATHaKKo=
github.com/dianelooney/directive v0.0.0-20190713000845-bbb13adb370c/go.mod h1:L5DJmbnDYn2a02Zs+IpVG28z/NzWi1SWxQoCFt31czE=
github.com/dianelooney/directive v0.0.0-20190713060337-556c48c92769 h1:2vcVOjyaHuMTwzoxz9Sty2UAq8s8XGG/EpAg9NK8p/I=
github.com/dianelooney/directive v0.0.0-20190713060337-556c48c92769/go.mod h1:L5DJmbnDYn2a02Zs+IpVG28z/NzWi1SWxQoCFt31czE=
github.com/dianelooney/ferry v0.0.0-20190708165058-49a9fceeeea4 h1:zDqjP46BWY3aH+7fgn7ABYLaauoolUbOMckTzJRrU5I=
github.com/dianelooney/ferry v0.0.0-20190708165058-49a9fceeeea4/go.mod h1:R093McRgAFPltvCevePzBL5UW1pRN5/ufJNtciZr2O4=
github.com/dianelooney/ferry v0.0.0-20190709010308-21159dbe8960 h1:BJr4WYUb8Ocb5OIwlufnIsD3FAlTJKpRGGge/K9dPUo=
github.com/dianelooney/ferry v0.0.0-20190709010308-21159dbe8960/go.mod h1:R093McRgAFPltvCevePzBL5UW1pRN5/ufJNtciZr2O4=
github.com/dianelooney/ferry v0.0.0-20190710154436-66595e73f55d h1:mWI2F4Mn14Cs7jNMNvMD4esY7IgedV1bKYkbN3T7G18=
github.com/dianelooney/ferry v0.0.0-20190710154436-66595e73f55d/go.mod h1:R093McRgAFPltvCevePzBL5UW1pRN5/ufJNtciZr2O4=
github.com/fogleman/gg v1.2.1-0.20190220221249-0403632d5b90/go.mod h1:R/bRT+9gY/C5z7JzPU0zXsXHKM4/ayA+zqcVNZzPa1k=
github.com/fogleman/gg v1.3.0 h1:/7zJX8F6AaYQc57WQCyN9cAIz+4bCJGO9B+dyW29am8=
github.com/fogleman/gg v1.3.0/go.mod h1:R/bRT+9gY/C5z7JzPU0zXsXHKM4/ayA+zqcVNZzPa1k=
github.com/fsnotify/fsnotify v1.4.7 h1:IXs+QLmnXW2CcXuY+8Mzv/fWEsPGWxqefPtCP5CnV9I=
github.com/fsnotify/fsnotify v1.4.7/go.mod h1:jwhsz4b93w/PPRr/qN1Yymfu8t87LnFCMoQvtojpjFo=
github.com/go-fsnotify/fsnotify v0.0.0-20180321022601-755488143dae h1:PeVNzgTRtWGm6fVic5i21t+n5ptPGCZuMcSPVMyTWjs=
github.com/go-fsnotify/fsnotify v0.0.0-20180321022601-755488143dae/go.mod h1:BbhqyaehKPCLD83cqfRYdm177Ylm1cdGHu3txjbQSQI=
github.com/golang/freetype v0.0.0-20170609003504-e2365dfdc4a0 h1:DACJavvAHhabrF08vX0COfcOBJRhZ8lUbR+ZWIs0Y5g=
github.com/golang/freetype v0.0.0-20170609003504-e2365dfdc4a0/go.mod h1:E/TSTwGwJL78qG/PmXZO1EjYhfJinVAhrmmHX6Z8B9k=
github.com/hajimehoshi/oto v0.3.4 h1:FSlftYfESnZgI1ghi6WLMqVMjTrl9i8nRri3bL4Bdhs=
github.com/hajimehoshi/oto v0.3.4/go.mod h1:PgjqsBJff0efqL2nlMJidJgVJywLn6M4y8PI4TfeWfA=
github.com/jung-kurt/gofpdf v1.0.0/go.mod h1:7Id9E/uU8ce6rXgefFLlgrJj/GYY22cpxn+r32jIOes=
github.com/jung-kurt/gofpdf v1.0.3-0.20190309125859-24315acbbda5/go.mod h1:7Id9E/uU8ce6rXgefFLlgrJj/GYY22cpxn+r32jIOes=
github.com/jung-kurt/gofpdf v1.5.1 h1:Yx4Jgj/jxMSsCDayGLhcZoj4Pb1hCNv02h1kLYKnO+A=
github.com/jung-kurt/gofpdf v1.5.1/go.mod h1:oIiEpiXAwTUssrFUGgVj4SO17oiCYsfnTjeQZz/amnM=
github.com/phpdave11/gofpdi v1.0.3/go.mod h1:B7ryN7q4MLItB8BDM5PJAplblJegAAcaI98viOZUihg=
github.com/pkg/errors v0.8.1/go.mod h1:bwawxfHBFNV+L2hUp1rHADufV3IMtnDRdf1r5NINEl0=
github.com/pmezard/go-difflib v1.0.0 h1:4DBwDE0NGyQoBHbLQYPwSUPoCMWR5BEzIk/f1lZbAQM=
github.com/pmezard/go-difflib v1.0.0/go.mod h1:iKH77koFhYxTK1pcRnkKkqfTogsbg7gZNVY4sRDYZ/4=
github.com/remyoudompheng/bigfft v0.0.0-20170806203942-52369c62f446/go.mod h1:uYEyJGbgTkfkS4+E/PavXkNJcbFIpEtjt2B0KDQ5+9M=
github.com/ruudk/golang-pdf417 v0.0.0-20181029194003-1af4ab5afa58/go.mod h1:6lfFZQK844Gfx8o5WFuvpxWRwnSoipWe/p622j1v06w=
github.com/stretchr/objx v0.1.0/go.mod h1:HFkY916IF+rwdDfMAkV7OtwuqBVzrE8GR6GFx+wExME=
github.com/stretchr/testify v1.2.2/go.mod h1:a8OnRcib4nhh0OaRAV+Yts87kKdq0PP7pXfy6kDkUVs=
github.com/stretchr/testify v1.3.0 h1:TivCn/peBQ7UY8ooIcPgZFpTNSz0Q2U6UrFlUfqbe0Q=
github.com/stretchr/testify v1.3.0/go.mod h1:M5WIy9Dh21IEIfnGCwXGc5bZfKNJtfHm1UVUgZn+9EI=
github.com/youpy/go-riff v0.0.0-20131220112943-557d78c11efb h1:RDh7U5Di6o7fblIBe7rVi9KnrcOXUbLwvvLLdP2InSI=
github.com/youpy/go-riff v0.0.0-20131220112943-557d78c11efb/go.mod h1:83nxdDV4Z9RzrTut9losK7ve4hUnxUR8ASSz4BsKXwQ=
github.com/youpy/go-wav v0.0.0-20160223082350-b63a9887d320 h1:YuM+QcBOD3fVTF1p5upTKvfAn+CaI1Tsh2s0dxdEzhI=
github.com/youpy/go-wav v0.0.0-20160223082350-b63a9887d320/go.mod h1:Zf+Ju+8Ofy5zx/YWWArfcGnl5FAsWumLq/uHeRGgL60=
golang.org/x/crypto v0.0.0-20190308221718-c2843e01d9a2/go.mod h1:djNgcEr1/C05ACkg1iLfiJU5Ep61QUkGW8qpdssI0+w=
golang.org/x/exp v0.0.0-20180321215751-8460e604b9de/go.mod h1:CJ0aWSM057203Lf6IL+f9T1iT9GByDxfZKAQTCR3kQA=
golang.org/x/exp v0.0.0-20180807140117-3d87b88a115f/go.mod h1:CJ0aWSM057203Lf6IL+f9T1iT9GByDxfZKAQTCR3kQA=
golang.org/x/exp v0.0.0-20190125153040-c74c464bbbf2/go.mod h1:CJ0aWSM057203Lf6IL+f9T1iT9GByDxfZKAQTCR3kQA=
golang.org/x/exp v0.0.0-20190306152737-a1d7652674e8/go.mod h1:CJ0aWSM057203Lf6IL+f9T1iT9GByDxfZKAQTCR3kQA=
golang.org/x/exp v0.0.0-20190312203227-4b39c73a6495/go.mod h1:ZjyILWgesfNpC6sMxTJOJm9Kp84zZh5NQWvqDGG3Qr8=
golang.org/x/exp v0.0.0-20190627132806-fd42eb6b336f h1:F3VDpCbV+46wJMDIwbFSefCwLlvK2CoEKVEYHO8p5Os=
golang.org/x/exp v0.0.0-20190627132806-fd42eb6b336f/go.mod h1:ZjyILWgesfNpC6sMxTJOJm9Kp84zZh5NQWvqDGG3Qr8=
golang.org/x/image v0.0.0-20180708004352-c73c2afc3b81/go.mod h1:ux5Hcp/YLpHSI86hEcLt0YII63i6oz57MZXIpbrjZUs=
golang.org/x/image v0.0.0-20190227222117-0694c2d4d067/go.mod h1:kZ7UVZpmo3dzQBMxlp+ypCbDeSB+sBbTgSJuh5dn5js=
golang.org/x/image v0.0.0-20190507092727-e4e5bf290fec/go.mod h1:kZ7UVZpmo3dzQBMxlp+ypCbDeSB+sBbTgSJuh5dn5js=
golang.org/x/image v0.0.0-20190622003408-7e034cad6442 h1:KHkZ9SH+rcDwdj29lcYkks2agONXqNa8YkEGwGhY6Sg=
golang.org/x/image v0.0.0-20190622003408-7e034cad6442/go.mod h1:FeLwcggjj3mMvU+oOTbSwawSJRM1uh48EjtB4UJZlP0=
golang.org/x/mobile v0.0.0-20190312151609-d3739f865fa6/go.mod h1:z+o9i4GpDbdi3rU15maQ/Ox0txvL9dWGYEHz965HBQE=
golang.org/x/mobile v0.0.0-20190415191353-3e0bab5405d6/go.mod h1:E/iHnbuqvinMTCcRqshq8CkpyQDoeVncDDYHnLhea+o=
golang.org/x/mobile v0.0.0-20190607214518-6fa95d984e88 h1:H6DkDrMSuEE2MQR7DgGwkzbXSY1lvMpEN5MDE1bo/5U=
golang.org/x/mobile v0.0.0-20190607214518-6fa95d984e88/go.mod h1:E/iHnbuqvinMTCcRqshq8CkpyQDoeVncDDYHnLhea+o=
golang.org/x/net v0.0.0-20190311183353-d8887717615a/go.mod h1:t9HGtf8HONx5eT2rtn7q6eTqICYqUVnKs3thJo3Qplg=
golang.org/x/sys v0.0.0-20190215142949-d0b11bdaac8a/go.mod h1:STP8DvDyc/dI5b8T5hshtkjS+E42TnysNCUPdjciGhY=
golang.org/x/sys v0.0.0-20190312061237-fead79001313/go.mod h1:h1NjWce9XRLGQEsW7wpKNCjG9DtNlClVuFLEZdDNbEs=
golang.org/x/sys v0.0.0-20190429190828-d89cdac9e872/go.mod h1:h1NjWce9XRLGQEsW7wpKNCjG9DtNlClVuFLEZdDNbEs=
golang.org/x/sys v0.0.0-20190626221950-04f50cda93cb h1:fgwFCsaw9buMuxNd6+DQfAuSFqbNiQZpcgJQAgJsK6k=
golang.org/x/sys v0.0.0-20190626221950-04f50cda93cb/go.mod h1:h1NjWce9XRLGQEsW7wpKNCjG9DtNlClVuFLEZdDNbEs=
golang.org/x/text v0.3.0/go.mod h1:NqM8EUOU14njkJ3fqMW+pc6Ldnwhi/IjpwHt7yyuwOQ=
golang.org/x/tools v0.0.0-20180525024113-a5b4c53f6e8b/go.mod h1:n7NCudcB/nEzxVGmLbDWY5pfWTLqBcC2KZ6jyYvM4mQ=
golang.org/x/tools v0.0.0-20190206041539-40960b6deb8e/go.mod h1:n7NCudcB/nEzxVGmLbDWY5pfWTLqBcC2KZ6jyYvM4mQ=
golang.org/x/tools v0.0.0-20190312151545-0bb0c0a6e846/go.mod h1:LCzVGOaR6xXOjkQ3onu1FJEFr0SW1gC7cKk1uF8kGRs=
gonum.org/v1/gonum v0.0.0-20180816165407-929014505bf4/go.mod h1:Y+Yx5eoAFn32cQvJDxZx5Dpnq+c3wtXuadVZAcxbbBo=
gonum.org/v1/gonum v0.0.0-20190331200053-3d26580ed485/go.mod h1:2ltnJ7xHfj0zHS40VVPYEAAMTa3ZGguvHGBSJeRWqE0=
gonum.org/v1/gonum v0.0.0-20190628223043-536a303fd62f h1:6zTkF8Jk1LmfPAi8Sx8pUDJKysk0I5e56GOrPml7rAw=
gonum.org/v1/gonum v0.0.0-20190628223043-536a303fd62f/go.mod h1:03dgh78c4UvU1WksguQ/lvJQXbezKQGJSrwwRq5MraQ=
gonum.org/v1/netlib v0.0.0-20190313105609-8cb42192e0e0/go.mod h1:wa6Ws7BG/ESfp6dHfk7C6KdzKA7wR7u/rKwOGE66zvw=
gonum.org/v1/netlib v0.0.0-20190331212654-76723241ea4e h1:jRyg0XfpwWlhEV8mDfdNGBeSJM2fuyh9Yjrnd8kF2Ts=
gonum.org/v1/netlib v0.0.0-20190331212654-76723241ea4e/go.mod h1:kS+toOQn6AQKjmKJ7gzohV1XkqsFehRA2FbsbkopSuQ=
gonum.org/v1/plot v0.0.0-20190615073203-9aa86143727f h1:5+IdMldM5iTBk6wFBDtdVSSCaIPL922N3xbxmPE3Z1g=
gonum.org/v1/plot v0.0.0-20190615073203-9aa86143727f/go.mod h1:Wt8AAjI+ypCyYX3nZBvf6cAIx93T+c/OS2HFAYskSZc=
gopkg.in/check.v1 v0.0.0-20161208181325-20d25e280405/go.mod h1:Co6ibVJAznAaIkqp8huTwlJQCZ016jof/cbN4VW5Yz0=
gopkg.in/yaml.v2 v2.2.2 h1:ZCJp+EgiOT7lHqUV2J862kp8Qj64Jo6az82+3Td9dZw=
gopkg.in/yaml.v2 v2.2.2/go.mod h1:hI93XBmqTisBFMUTm0b8Fm+jr3Dg1NNxqwp+5A1VGuI=
modernc.org/cc v1.0.0/go.mod h1:1Sk4//wdnYJiUIxnW8ddKpaOJCF37yAdqYnkxUpaYxw=
modernc.org/golex v1.0.0/go.mod h1:b/QX9oBD/LhixY6NDh+IdGv17hgB+51fET1i2kPSmvk=
modernc.org/mathutil v1.0.0/go.mod h1:wU0vUrJsVWBZ4P6e7xtFJEhFSNsfRLJ8H458uRjg03k=
modernc.org/strutil v1.0.0/go.mod h1:lstksw84oURvj9y3tn8lGvRxyRC1S2+g5uuIzNfIOBs=
modernc.org/xc v1.0.0/go.mod h1:mRNCo0bvLjGhHO9WsyuKVU4q0ceiDDDoEeWDJHrNx8I=
rsc.io/pdf v0.1.1 h1:k1MczvYDUvJBe93bYd7wrZLLUEcLZAuF824/I4e5Xr4=
rsc.io/pdf v0.1.1/go.mod h1:n8OzWcQ6Sp37PL01nO98y4iUCRdTGarVfzxY20ICaU4=
